
Microsoft Visual Studio Solution File, Format Version 12.00
# Visual Studio Version 17
VisualStudioVersion = 17.10.35027.167
MinimumVisualStudioVersion = 10.0.40219.1
Project("{FAE04EC0-301F-11D3-BF4B-00C04F79EFBC}") = "Bảng", "Bảng.csproj", "{A6232F49-29EF-4DAC-B98E-7F3EBC84CB02}"
EndProject
Global
	GlobalSection(SolutionConfigurationPlatforms) = preSolution
		Debug|Any CPU = Debug|Any CPU
		Release|Any CPU = Release|Any CPU
	EndGlobalSection
	GlobalSection(ProjectConfigurationPlatforms) = postSolution
		{A6232F49-29EF-4DAC-B98E-7F3EBC84CB02}.Debug|Any CPU.ActiveCfg = Debug|Any CPU
		{A6232F49-29EF-4DAC-B98E-7F3EBC84CB02}.Debug|Any CPU.Build.0 = Debug|Any CPU
		{A6232F49-29EF-4DAC-B98E-7F3EBC84CB02}.Release|Any CPU.ActiveCfg = Release|Any CPU
		{A6232F49-29EF-4DAC-B98E-7F3EBC84CB02}.Release|Any CPU.Build.0 = Release|Any CPU
	EndGlobalSection
	GlobalSection(SolutionProperties) = preSolution
		HideSolutionNode = FALSE
	EndGlobalSection
	GlobalSection(ExtensibilityGlobals) = postSolution
		SolutionGuid = {EFB04B94-1AD2-4BF4-B3FE-30343F999CBD}
	EndGlobalSection
EndGlobal
